// !$*UTF8*$!
{
	archiveVersion = 1;
	classes = {
	};
	objectVersion = 46;
	objects = {

/* Begin PBXBuildFile section */
		CC878CA71CD5BD6B004BC685 /* AppDelegate.swift in Sources */ = {isa = PBXBuildFile; fileRef = CC878CA61CD5BD6B004BC685 /* AppDelegate.swift */; };
		CC878CA91CD5BD6B004BC685 /* MasterViewController.swift in Sources */ = {isa = PBXBuildFile; fileRef = CC878CA81CD5BD6B004BC685 /* MasterViewController.swift */; };
		CC878CAC1CD5BD6B004BC685 /* Main.storyboard in Resources */ = {isa = PBXBuildFile; fileRef = CC878CAA1CD5BD6B004BC685 /* Main.storyboard */; };
		CC878CAE1CD5BD6B004BC685 /* Assets.xcassets in Resources */ = {isa = PBXBuildFile; fileRef = CC878CAD1CD5BD6B004BC685 /* Assets.xcassets */; };
		CC878CB11CD5BD6B004BC685 /* LaunchScreen.storyboard in Resources */ = {isa = PBXBuildFile; fileRef = CC878CAF1CD5BD6B004BC685 /* LaunchScreen.storyboard */; };
		CC878CB91CD5C19A004BC685 /* SummaryViewController.swift in Sources */ = {isa = PBXBuildFile; fileRef = CC878CB81CD5C19A004BC685 /* SummaryViewController.swift */; };
		CC878CBB1CD5C1A5004BC685 /* SessionsViewController.swift in Sources */ = {isa = PBXBuildFile; fileRef = CC878CBA1CD5C1A5004BC685 /* SessionsViewController.swift */; };
/* End PBXBuildFile section */

/* Begin PBXFileReference section */
		CC878CA31CD5BD6B004BC685 /* ViewControllerContainment.app */ = {isa = PBXFileReference; explicitFileType = wrapper.application; includeInIndex = 0; path = ViewControllerContainment.app; sourceTree = BUILT_PRODUCTS_DIR; };
		CC878CA61CD5BD6B004BC685 /* AppDelegate.swift */ = {isa = PBXFileReference; lastKnownFileType = sourcecode.swift; path = AppDelegate.swift; sourceTree = "<group>"; };
		CC878CA81CD5BD6B004BC685 /* MasterViewController.swift */ = {isa = PBXFileReference; lastKnownFileType = sourcecode.swift; path = MasterViewController.swift; sourceTree = "<group>"; };
		CC878CAB1CD5BD6B004BC685 /* Base */ = {isa = PBXFileReference; lastKnownFileType = file.storyboard; name = Base; path = Base.lproj/Main.storyboard; sourceTree = "<group>"; };
		CC878CAD1CD5BD6B004BC685 /* Assets.xcassets */ = {isa = PBXFileReference; lastKnownFileType = folder.assetcatalog; path = Assets.xcassets; sourceTree = "<group>"; };
		CC878CB01CD5BD6B004BC685 /* Base */ = {isa = PBXFileReference; lastKnownFileType = file.storyboard; name = Base; path = Base.lproj/LaunchScreen.storyboard; sourceTree = "<group>"; };
		CC878CB21CD5BD6B004BC685 /* Info.plist */ = {isa = PBXFileReference; lastKnownFileType = text.plist.xml; path = Info.plist; sourceTree = "<group>"; };
		CC878CB81CD5C19A004BC685 /* SummaryViewController.swift */ = {isa = PBXFileReference; fileEncoding = 4; lastKnownFileType = sourcecode.swift; path = SummaryViewController.swift; sourceTree = "<group>"; };
		CC878CBA1CD5C1A5004BC685 /* SessionsViewController.swift */ = {isa = PBXFileReference; fileEncoding = 4; lastKnownFileType = sourcecode.swift; path = SessionsViewController.swift; sourceTree = "<group>"; };
/* End PBXFileReference section */

/* Begin PBXFrameworksBuildPhase section */
		CC878CA01CD5BD6B004BC685 /* Frameworks */ = {
			isa = PBXFrameworksBuildPhase;
			buildActionMask = 2147483647;
			files = (
			);
			runOnlyForDeploymentPostprocessing = 0;
		};
/* End PBXFrameworksBuildPhase section */

/* Begin PBXGroup section */
		CC878C9A1CD5BD6B004BC685 = {
			isa = PBXGroup;
			children = (
				CC878CA51CD5BD6B004BC685 /* ViewControllerContainment */,
				CC878CA41CD5BD6B004BC685 /* Products */,
			);
			sourceTree = "<group>";
		};
		CC878CA41CD5BD6B004BC685 /* Products */ = {
			isa = PBXGroup;
			children = (
				CC878CA31CD5BD6B004BC685 /* ViewControllerContainment.app */,
			);
			name = Products;
			sourceTree = "<group>";
		};
		CC878CA51CD5BD6B004BC685 /* ViewControllerContainment */ = {
			isa = PBXGroup;
			children = (
				CC878CA61CD5BD6B004BC685 /* AppDelegate.swift */,
				CC878CA81CD5BD6B004BC685 /* MasterViewController.swift */,
				CC878CB81CD5C19A004BC685 /* SummaryViewController.swift */,
				CC878CBA1CD5C1A5004BC685 /* SessionsViewController.swift */,
				CC878CAA1CD5BD6B004BC685 /* Main.storyboard */,
				CC878CAD1CD5BD6B004BC685 /* Assets.xcassets */,
				CC878CAF1CD5BD6B004BC685 /* LaunchScreen.storyboard */,
				CC878CB21CD5BD6B004BC685 /* Info.plist */,
			);
			path = ViewControllerContainment;
			sourceTree = "<group>";
		};
/* End PBXGroup section */

/* Begin PBXNativeTarget section */
		CC878CA21CD5BD6B004BC685 /* ViewControllerContainment */ = {
			isa = PBXNativeTarget;
			buildConfigurationList = CC878CB51CD5BD6B004BC685 /* Build configuration list for PBXNativeTarget "ViewControllerContainment" */;
			buildPhases = (
				CC878C9F1CD5BD6B004BC685 /* Sources */,
				CC878CA01CD5BD6B004BC685 /* Frameworks */,
				CC878CA11CD5BD6B004BC685 /* Resources */,
			);
			buildRules = (
			);
			dependencies = (
			);
			name = ViewControllerContainment;
			productName = ViewControllerContainment;
			productReference = CC878CA31CD5BD6B004BC685 /* ViewControllerContainment.app */;
			productType = "com.apple.product-type.application";
		};
/* End PBXNativeTarget section */

/* Begin PBXProject section */
		CC878C9B1CD5BD6B004BC685 /* Project object */ = {
			isa = PBXProject;
			attributes = {
				LastSwiftUpdateCheck = 0730;
				LastUpgradeCheck = 0730;
				ORGANIZATIONNAME = "Bart Jacobs";
				TargetAttributes = {
					CC878CA21CD5BD6B004BC685 = {
						CreatedOnToolsVersion = 7.3;
					};
				};
			};
			buildConfigurationList = CC878C9E1CD5BD6B004BC685 /* Build configuration list for PBXProject "ViewControllerContainment" */;
			compatibilityVersion = "Xcode 3.2";
			developmentRegion = English;
			hasScannedForEncodings = 0;
			knownRegions = (
				en,
				Base,
			);
			mainGroup = CC878C9A1CD5BD6B004BC685;
			productRefGroup = CC878CA41CD5BD6B004BC685 /* Products */;
			projectDirPath = "";
			projectRoot = "";
			targets = (
				CC878CA21CD5BD6B004BC685 /* ViewControllerContainment */,
			);
		};
/* End PBXProject section */

/* Begin PBXResourcesBuildPhase section */
		CC878CA11CD5BD6B004BC685 /* Resources */ = {
			isa = PBXResourcesBuildPhase;
			buildActionMask = 2147483647;
			files = (
				CC878CB11CD5BD6B004BC685 /* LaunchScreen.storyboard in Resources */,
				CC878CAE1CD5BD6B004BC685 /* Assets.xcassets in Resources */,
				CC878CAC1CD5BD6B004BC685 /* Main.storyboard in Resources */,
			);
			runOnlyForDeploymentPostprocessing = 0;
		};
/* End PBXResourcesBuildPhase section */

/* Begin PBXSourcesBuildPhase section */
		CC878C9F1CD5BD6B004BC685 /* Sources */ = {
			isa = PBXSourcesBuildPhase;
			buildActionMask = 2147483647;
			files = (
				CC878CA91CD5BD6B004BC685 /* MasterViewController.swift in Sources */,
				CC878CBB1CD5C1A5004BC685 /* SessionsViewController.swift in Sources */,
				CC878CA71CD5BD6B004BC685 /* AppDelegate.swift in Sources */,
				CC878CB91CD5C19A004BC685 /* SummaryViewController.swift in Sources */,
			);
			runOnlyForDeploymentPostprocessing = 0;
		};
/* End PBXSourcesBuildPhase section */

/* Begin PBXVariantGroup section */
		CC878CAA1CD5BD6B004BC685 /* Main.storyboard */ = {
			isa = PBXVariantGroup;
			children = (
				CC878CAB1CD5BD6B004BC685 /* Base */,
			);
			name = Main.storyboard;
			sourceTree = "<group>";
		};
		CC878CAF1CD5BD6B004BC685 /* LaunchScreen.storyboard */ = {
			isa = PBXVariantGroup;
			children = (
				CC878CB01CD5BD6B004BC685 /* Base */,
			);
			name = LaunchScreen.storyboard;
			sourceTree = "<group>";
		};
/* End PBXVariantGroup section */

/* Begin XCBuildConfiguration section */
		CC878CB31CD5BD6B004BC685 /* Debug */ = {
			isa = XCBuildConfiguration;
			buildSettings = {
				ALWAYS_SEARCH_USER_PATHS = NO;
				CLANG_ANALYZER_NONNULL = YES;
				CLANG_CXX_LANGUAGE_STANDARD = "gnu++0x";
				CLANG_CXX_LIBRARY = "libc++";
				CLANG_ENABLE_MODULES = YES;
				CLANG_ENABLE_OBJC_ARC = YES;
				CLANG_WARN_BOOL_CONVERSION = YES;
				CLANG_WARN_CONSTANT_CONVERSION = YES;
				CLANG_WARN_DIRECT_OBJC_ISA_USAGE = YES_ERROR;
				CLANG_WARN_EMPTY_BODY = YES;
				CLANG_WARN_ENUM_CONVERSION = YES;
				CLANG_WARN_INT_CONVERSION = YES;
				CLANG_WARN_OBJC_ROOT_CLASS = YES_ERROR;
				CLANG_WARN_UNREACHABLE_CODE = YES;
				CLANG_WARN__DUPLICATE_METHOD_MATCH = YES;
				"CODE_SIGN_IDENTITY[sdk=iphoneos*]" = "iPhone Developer";
				COPY_PHASE_STRIP = NO;
				DEBUG_INFORMATION_FORMAT = dwarf;
				ENABLE_STRICT_OBJC_MSGSEND = YES;
				ENABLE_TESTABILITY = YES;
				GCC_C_LANGUAGE_STANDARD = gnu99;
				GCC_DYNAMIC_NO_PIC = NO;
				GCC_NO_COMMON_BLOCKS = YES;
				GCC_OPTIMIZATION_LEVEL = 0;
				GCC_PREPROCESSOR_DEFINITIONS = (
					"DEBUG=1",
					"$(inherited)",
				);
				GCC_WARN_64_TO_32_BIT_CONVERSION = YES;
				GCC_WARN_ABOUT_RETURN_TYPE = YES_ERROR;
				GCC_WARN_UNDECLARED_SELECTOR = YES;
				GCC_WARN_UNINITIALIZED_AUTOS = YES_AGGRESSIVE;
				GCC_WARN_UNUSED_FUNCTION = YES;
				GCC_WARN_UNUSED_VARIABLE = YES;
				IPHONEOS_DEPLOYMENT_TARGET = 9.3;
				MTL_ENABLE_DEBUG_INFO = YES;
				ONLY_ACTIVE_ARCH = YES;
				SDKROOT = iphoneos;
				SWIFT_OPTIMIZATION_LEVEL = "-Onone";
				TARGETED_DEVICE_FAMILY = "1,2";
			};
			name = Debug;
		};
		CC878CB41CD5BD6B004BC685 /* Release */ = {
			isa = XCBuildConfiguration;
			buildSettings = {
				ALWAYS_SEARCH_USER_PATHS = NO;
				CLANG_ANALYZER_NONNULL = YES;
				CLANG_CXX_LANGUAGE_STANDARD = "gnu++0x";
				CLANG_CXX_LIBRARY = "libc++";
				CLANG_ENABLE_MODULES = YES;
				CLANG_ENABLE_OBJC_ARC = YES;
				CLANG_WARN_BOOL_CONVERSION = YES;
				CLANG_WARN_CONSTANT_CONVERSION = YES;
				CLANG_WARN_DIRECT_OBJC_ISA_USAGE = YES_ERROR;
				CLANG_WARN_EMPTY_BODY = YES;
				CLANG_WARN_ENUM_CONVERSION = YES;
				CLANG_WARN_INT_CONVERSION = YES;
				CLANG_WARN_OBJC_ROOT_CLASS = YES_ERROR;
				CLANG_WARN_UNREACHABLE_CODE = YES;
				CLANG_WARN__DUPLICATE_METHOD_MATCH = YES;
				"CODE_SIGN_IDENTITY[sdk=iphoneos*]" = "iPhone Developer";
				COPY_PHASE_STRIP = NO;
				DEBUG_INFORMATION_FORMAT = "dwarf-with-dsym";
				ENABLE_NS_ASSERTIONS = NO;
				ENABLE_STRICT_OBJC_MSGSEND = YES;
				GCC_C_LANGUAGE_STANDARD = gnu99;
				GCC_NO_COMMON_BLOCKS = YES;
				GCC_WARN_64_TO_32_BIT_CONVERSION = YES;
				GCC_WARN_ABOUT_RETURN_TYPE = YES_ERROR;
				GCC_WARN_UNDECLARED_SELECTOR = YES;
				GCC_WARN_UNINITIALIZED_AUTOS = YES_AGGRESSIVE;
				GCC_WARN_UNUSED_FUNCTION = YES;
				GCC_WARN_UNUSED_VARIABLE = YES;
				IPHONEOS_DEPLOYMENT_TARGET = 9.3;
				MTL_ENABLE_DEBUG_INFO = NO;
				SDKROOT = iphoneos;
				TARGETED_DEVICE_FAMILY = "1,2";
				VALIDATE_PRODUCT = YES;
			};
			name = Release;
		};
		CC878CB61CD5BD6B004BC685 /* Debug */ = {
			isa = XCBuildConfiguration;
			buildSettings = {
				ASSETCATALOG_COMPILER_APPICON_NAME = AppIcon;
				INFOPLIST_FILE = ViewControllerContainment/Info.plist;
				LD_RUNPATH_SEARCH_PATHS = "$(inherited) @executable_path/Frameworks";
				PRODUCT_BUNDLE_IDENTIFIER = com.bartjacobs.ViewControllerContainment;
				PRODUCT_NAME = "$(TARGET_NAME)";
			};
			name = Debug;
		};
		CC878CB71CD5BD6B004BC685 /* Release */ = {
			isa = XCBuildConfiguration;
			buildSettings = {
				ASSETCATALOG_COMPILER_APPICON_NAME = AppIcon;
				INFOPLIST_FILE = ViewControllerContainment/Info.plist;
				LD_RUNPATH_SEARCH_PATHS = "$(inherited) @executable_path/Frameworks";
				PRODUCT_BUNDLE_IDENTIFIER = com.bartjacobs.ViewControllerContainment;
				PRODUCT_NAME = "$(TARGET_NAME)";
			};
			name = Release;
		};
/* End XCBuildConfiguration section */

/* Begin XCConfigurationList section */
		CC878C9E1CD5BD6B004BC685 /* Build configuration list for PBXProject "ViewControllerContainment" */ = {
			isa = XCConfigurationList;
			buildConfigurations = (
				CC878CB31CD5BD6B004BC685 /* Debug */,
				CC878CB41CD5BD6B004BC685 /* Release */,
			);
			defaultConfigurationIsVisible = 0;
			defaultConfigurationName = Release;
		};
		CC878CB51CD5BD6B004BC685 /* Build configuration list for PBXNativeTarget "ViewControllerContainment" */ = {
			isa = XCConfigurationList;
			buildConfigurations = (
				CC878CB61CD5BD6B004BC685 /* Debug */,
				CC878CB71CD5BD6B004BC685 /* Release */,
			);
			defaultConfigurationIsVisible = 0;
		};
/* End XCConfigurationList section */
	};
	rootObject = CC878C9B1CD5BD6B004BC685 /* Project object */;
}
